
Microsoft Visual Studio Solution File, Format Version 12.00
# Visual Studio 15
VisualStudioVersion = 15.0.28010.2036
MinimumVisualStudioVersion = 10.0.40219.1
Project("{FAE04EC0-301F-11D3-BF4B-00C04F79EFBC}") = "ModbusTCPClient", "ModbusTCPClient\ModbusTCPClient.csproj", "{BB8F942C-6379-45E9-8CCC-6DF229D91099}"
EndProject
Project("{FAE04EC0-301F-11D3-BF4B-00C04F79EFBC}") = "ModbusTCPServer", "ModbusTCPServer\ModbusTCPServer.csproj", "{47EE9615-5962-495B-854D-91E69547782F}"
EndProject
Project("{FAE04EC0-301F-11D3-BF4B-00C04F79EFBC}") = "ModbusTotalKit", "ModbusTotalKit\ModbusTotalKit.csproj", "{279445DF-27E3-47EF-BAE6-188AAA47CA12}"
EndProject
Global
	GlobalSection(SolutionConfigurationPlatforms) = preSolution
		Debug|Any CPU = Debug|Any CPU
		Release|Any CPU = Release|Any CPU
	EndGlobalSection
	GlobalSection(ProjectConfigurationPlatforms) = postSolution
		{BB8F942C-6379-45E9-8CCC-6DF229D91099}.Debug|Any CPU.ActiveCfg = Debug|Any CPU
		{BB8F942C-6379-45E9-8CCC-6DF229D91099}.Debug|Any CPU.Build.0 = Debug|Any CPU
		{BB8F942C-6379-45E9-8CCC-6DF229D91099}.Release|Any CPU.ActiveCfg = Release|Any CPU
		{BB8F942C-6379-45E9-8CCC-6DF229D91099}.Release|Any CPU.Build.0 = Release|Any CPU
		{47EE9615-5962-495B-854D-91E69547782F}.Debug|Any CPU.ActiveCfg = Debug|Any CPU
		{47EE9615-5962-495B-854D-91E69547782F}.Debug|Any CPU.Build.0 = Debug|Any CPU
		{47EE9615-5962-495B-854D-91E69547782F}.Release|Any CPU.ActiveCfg = Release|Any CPU
		{47EE9615-5962-495B-854D-91E69547782F}.Release|Any CPU.Build.0 = Release|Any CPU
		{279445DF-27E3-47EF-BAE6-188AAA47CA12}.Debug|Any CPU.ActiveCfg = Debug|Any CPU
		{279445DF-27E3-47EF-BAE6-188AAA47CA12}.Debug|Any CPU.Build.0 = Debug|Any CPU
		{279445DF-27E3-47EF-BAE6-188AAA47CA12}.Release|Any CPU.ActiveCfg = Release|Any CPU
		{279445DF-27E3-47EF-BAE6-188AAA47CA12}.Release|Any CPU.Build.0 = Release|Any CPU
	EndGlobalSection
	GlobalSection(SolutionProperties) = preSolution
		HideSolutionNode = FALSE
	EndGlobalSection
	GlobalSection(ExtensibilityGlobals) = postSolution
		SolutionGuid = {E7D4594F-0C50-424B-AF91-0BEFF33FFC4B}
	EndGlobalSection
EndGlobal
